{
  "name": "vue-sparrow-calendar",
  "version": "0.1.0",
  "lockfileVersion": 1,
  "requires": true,
  "dependencies": {
    "sparrow-calendar": {
      "version": "0.1.2",
      "resolved": "https://registry.npmjs.org/sparrow-calendar/-/sparrow-calendar-0.1.2.tgz",
      "integrity": "sha512-2c5zdhNmjjTC+a31UJn1lAZNStWtaKvhnINl+YsGZum+8a709BslVSHnfNrzS6fNRkPNfjB4LdE1V9ka1dcFew==",
      "dev": true
    }
  }
}
